
Microsoft Visual Studio Solution File, Format Version 12.00
# Visual Studio 15
VisualStudioVersion = 15.0.28307.421
MinimumVisualStudioVersion = 10.0.40219.1
Project("{FAE04EC0-301F-11D3-BF4B-00C04F79EFBC}") = "starwars", "starwars\starwars.csproj", "{9C297E52-1376-4D32-91E9-87DF29B1916B}"
EndProject
Global
	GlobalSection(SolutionConfigurationPlatforms) = preSolution
		Debug|Any CPU = Debug|Any CPU
		Release|Any CPU = Release|Any CPU
	EndGlobalSection
	GlobalSection(ProjectConfigurationPlatforms) = postSolution
		{9C297E52-1376-4D32-91E9-87DF29B1916B}.Debug|Any CPU.ActiveCfg = Debug|Any CPU
		{9C297E52-1376-4D32-91E9-87DF29B1916B}.Debug|Any CPU.Build.0 = Debug|Any CPU
		{9C297E52-1376-4D32-91E9-87DF29B1916B}.Release|Any CPU.ActiveCfg = Release|Any CPU
		{9C297E52-1376-4D32-91E9-87DF29B1916B}.Release|Any CPU.Build.0 = Release|Any CPU
	EndGlobalSection
	GlobalSection(SolutionProperties) = preSolution
		HideSolutionNode = FALSE
	EndGlobalSection
	GlobalSection(ExtensibilityGlobals) = postSolution
		SolutionGuid = {B3E8F654-676B-4FD9-A383-19B6674E41F5}
	EndGlobalSection
EndGlobal
